
Microsoft Visual Studio Solution File, Format Version 12.00
# Visual Studio Version 17
VisualStudioVersion = 17.4.33213.308
MinimumVisualStudioVersion = 10.0.40219.1
Project("{9A19103F-16F7-4668-BE54-9A1E7A4F7556}") = "Zoo_Bazaar", "Zoo_Bazaar\Zoo_Bazaar.csproj", "{C7DC3976-13F1-437A-B4DF-692177445237}"
EndProject
Project("{9A19103F-16F7-4668-BE54-9A1E7A4F7556}") = "LogicCL", "Logic\LogicCL.csproj", "{D4280C97-7332-452B-939D-ED00A5196D97}"
EndProject
Project("{9A19103F-16F7-4668-BE54-9A1E7A4F7556}") = "DataCL", "Data\DataCL.csproj", "{2FFF061F-F36F-438E-BA2B-C45B565EEC48}"
EndProject
Project("{9A19103F-16F7-4668-BE54-9A1E7A4F7556}") = "Desktop_app", "Desktop_app\Desktop_app.csproj", "{947D3DF0-6A23-419E-A17C-80ADD3D5FEBA}"
EndProject
Global
	GlobalSection(SolutionConfigurationPlatforms) = preSolution
		Debug|Any CPU = Debug|Any CPU
		Release|Any CPU = Release|Any CPU
	EndGlobalSection
	GlobalSection(ProjectConfigurationPlatforms) = postSolution
		{C7DC3976-13F1-437A-B4DF-692177445237}.Debug|Any CPU.ActiveCfg = Debug|Any CPU
		{C7DC3976-13F1-437A-B4DF-692177445237}.Debug|Any CPU.Build.0 = Debug|Any CPU
		{C7DC3976-13F1-437A-B4DF-692177445237}.Release|Any CPU.ActiveCfg = Release|Any CPU
		{C7DC3976-13F1-437A-B4DF-692177445237}.Release|Any CPU.Build.0 = Release|Any CPU
		{D4280C97-7332-452B-939D-ED00A5196D97}.Debug|Any CPU.ActiveCfg = Debug|Any CPU
		{D4280C97-7332-452B-939D-ED00A5196D97}.Debug|Any CPU.Build.0 = Debug|Any CPU
		{D4280C97-7332-452B-939D-ED00A5196D97}.Release|Any CPU.ActiveCfg = Release|Any CPU
		{D4280C97-7332-452B-939D-ED00A5196D97}.Release|Any CPU.Build.0 = Release|Any CPU
		{2FFF061F-F36F-438E-BA2B-C45B565EEC48}.Debug|Any CPU.ActiveCfg = Debug|Any CPU
		{2FFF061F-F36F-438E-BA2B-C45B565EEC48}.Debug|Any CPU.Build.0 = Debug|Any CPU
		{2FFF061F-F36F-438E-BA2B-C45B565EEC48}.Release|Any CPU.ActiveCfg = Release|Any CPU
		{2FFF061F-F36F-438E-BA2B-C45B565EEC48}.Release|Any CPU.Build.0 = Release|Any CPU
		{947D3DF0-6A23-419E-A17C-80ADD3D5FEBA}.Debug|Any CPU.ActiveCfg = Debug|Any CPU
		{947D3DF0-6A23-419E-A17C-80ADD3D5FEBA}.Debug|Any CPU.Build.0 = Debug|Any CPU
		{947D3DF0-6A23-419E-A17C-80ADD3D5FEBA}.Release|Any CPU.ActiveCfg = Release|Any CPU
		{947D3DF0-6A23-419E-A17C-80ADD3D5FEBA}.Release|Any CPU.Build.0 = Release|Any CPU
	EndGlobalSection
	GlobalSection(SolutionProperties) = preSolution
		HideSolutionNode = FALSE
	EndGlobalSection
	GlobalSection(ExtensibilityGlobals) = postSolution
		SolutionGuid = {FA7C07CD-1AF2-473B-81F8-F57A1B516F98}
	EndGlobalSection
EndGlobal
